
Microsoft Visual Studio Solution File, Format Version 12.00
# Visual Studio Version 16
VisualStudioVersion = 16.0.31112.23
MinimumVisualStudioVersion = 10.0.40219.1
Project("{9A19103F-16F7-4668-BE54-9A1E7A4F7556}") = "voteCollector", "voteCollector.csproj", "{1C2B72CC-80DE-4A5A-92FD-022848B8F0CD}"
EndProject
Global
	GlobalSection(SolutionConfigurationPlatforms) = preSolution
		Debug|Any CPU = Debug|Any CPU
		Release|Any CPU = Release|Any CPU
	EndGlobalSection
	GlobalSection(ProjectConfigurationPlatforms) = postSolution
		{1C2B72CC-80DE-4A5A-92FD-022848B8F0CD}.Debug|Any CPU.ActiveCfg = Debug|Any CPU
		{1C2B72CC-80DE-4A5A-92FD-022848B8F0CD}.Debug|Any CPU.Build.0 = Debug|Any CPU
		{1C2B72CC-80DE-4A5A-92FD-022848B8F0CD}.Release|Any CPU.ActiveCfg = Release|Any CPU
		{1C2B72CC-80DE-4A5A-92FD-022848B8F0CD}.Release|Any CPU.Build.0 = Release|Any CPU
	EndGlobalSection
	GlobalSection(SolutionProperties) = preSolution
		HideSolutionNode = FALSE
	EndGlobalSection
	GlobalSection(ExtensibilityGlobals) = postSolution
		SolutionGuid = {240C860F-5CDF-4490-809A-3163F44C2216}
	EndGlobalSection
EndGlobal
